github.com/aclements/go-gg v0.0.0-20170323211221-abd1f791f5ee h1:KJgh99JlYRhfgHtb7XyhAZSJMdfkjVmo3PP7XO1/HO8=
github.com/aclements/go-gg v0.0.0-20170323211221-abd1f791f5ee/go.mod h1:55qNq4vcpkIuHowELi5C8e+1yUHtoLoOUR9QU5j7Tes=
github.com/tensorflow/tensorflow v1.15.3 h1:xE0S0nl5ZTJPyvHm9jisVaovZWVSj58eWJz637ASW7Q=
github.com/tensorflow/tensorflow v1.15.3/go.mod h1:itOSERT4trABok4UOoG+X4BoKds9F3rIsySdn+Lvu90=
gocv.io/x/gocv v0.24.0 h1:xtm5AnFNUtFvSmU+R/CgX7FguL7EDGEubhDdviX2rPY=
gocv.io/x/gocv v0.24.0/go.mod h1:Rar2PS6DV+T4FL+PM535EImD/h13hGVaHhnCu1xarBs=
