github.com/tensorflow/tensorflow v1.15.3 h1:xE0S0nl5ZTJPyvHm9jisVaovZWVSj58eWJz637ASW7Q=
github.com/tensorflow/tensorflow v1.15.3/go.mod h1:itOSERT4trABok4UOoG+X4BoKds9F3rIsySdn+Lvu90=
gocv.io/x/gocv v0.24.0 h1:xtm5AnFNUtFvSmU+R/CgX7FguL7EDGEubhDdviX2rPY=
gocv.io/x/gocv v0.24.0/go.mod h1:Rar2PS6DV+T4FL+PM535EImD/h13hGVaHhnCu1xarBs=
